
Microsoft Visual Studio Solution File, Format Version 12.00
# Visual Studio Version 17
VisualStudioVersion = 17.9.34902.65
MinimumVisualStudioVersion = 10.0.40219.1
Project("{FAE04EC0-301F-11D3-BF4B-00C04F79EFBC}") = "Dnc.Common.Razor", "Dnc.Common.Razor\Dnc.Common.Razor.csproj", "{1B58AAD1-8946-400C-A608-1986D6CC7BF8}"
EndProject
Project("{FAE04EC0-301F-11D3-BF4B-00C04F79EFBC}") = "Dnc.Search.WebApp", "Dnc.Search.WebApp\Dnc.Search.WebApp.csproj", "{2A6B9527-885D-42D8-8FDC-1CD815F23B3E}"
EndProject
Global
	GlobalSection(SolutionConfigurationPlatforms) = preSolution
		Debug|Any CPU = Debug|Any CPU
		Release|Any CPU = Release|Any CPU
	EndGlobalSection
	GlobalSection(ProjectConfigurationPlatforms) = postSolution
		{1B58AAD1-8946-400C-A608-1986D6CC7BF8}.Debug|Any CPU.ActiveCfg = Debug|Any CPU
		{1B58AAD1-8946-400C-A608-1986D6CC7BF8}.Debug|Any CPU.Build.0 = Debug|Any CPU
		{1B58AAD1-8946-400C-A608-1986D6CC7BF8}.Release|Any CPU.ActiveCfg = Release|Any CPU
		{1B58AAD1-8946-400C-A608-1986D6CC7BF8}.Release|Any CPU.Build.0 = Release|Any CPU
		{2A6B9527-885D-42D8-8FDC-1CD815F23B3E}.Debug|Any CPU.ActiveCfg = Debug|Any CPU
		{2A6B9527-885D-42D8-8FDC-1CD815F23B3E}.Debug|Any CPU.Build.0 = Debug|Any CPU
		{2A6B9527-885D-42D8-8FDC-1CD815F23B3E}.Release|Any CPU.ActiveCfg = Release|Any CPU
		{2A6B9527-885D-42D8-8FDC-1CD815F23B3E}.Release|Any CPU.Build.0 = Release|Any CPU
	EndGlobalSection
	GlobalSection(SolutionProperties) = preSolution
		HideSolutionNode = FALSE
	EndGlobalSection
	GlobalSection(ExtensibilityGlobals) = postSolution
		SolutionGuid = {2E48E368-F14C-42F7-99FF-EDEF7E2612DB}
	EndGlobalSection
EndGlobal
